
Microsoft Visual Studio Solution File, Format Version 12.00
# Visual Studio Version 17
VisualStudioVersion = 17.5.002.0
MinimumVisualStudioVersion = 10.0.40219.1
Project("{2150E333-8FDC-42A3-9474-1A3956D46DE8}") = "csharp-prep", "csharp-prep", "{C4C2F112-76A0-40AF-9568-006017E49FCE}"
EndProject
Project("{9A19103F-16F7-4668-BE54-9A1E7A4F7556}") = "Prep1", "csharp-prep\Prep1\Prep1.csproj", "{A311F891-FB3A-49D1-B41F-5ECB4F18DE59}"
EndProject
Project("{9A19103F-16F7-4668-BE54-9A1E7A4F7556}") = "Prep2", "csharp-prep\Prep2\Prep2.csproj", "{835A80A8-04B3-4AA1-AFA1-D790C715F0DA}"
EndProject
Project("{9A19103F-16F7-4668-BE54-9A1E7A4F7556}") = "Prep3", "csharp-prep\Prep3\Prep3.csproj", "{55E18BCD-AECA-4450-97E7-3BE6E3D39DCF}"
EndProject
Project("{9A19103F-16F7-4668-BE54-9A1E7A4F7556}") = "Prep4", "csharp-prep\Prep4\Prep4.csproj", "{AF656740-A2BC-4B8A-8192-7DF0383455E9}"
EndProject
Project("{9A19103F-16F7-4668-BE54-9A1E7A4F7556}") = "Prep5", "csharp-prep\Prep5\Prep5.csproj", "{ECAD420C-9722-465B-92C1-02FF41732674}"
EndProject
Project("{2150E333-8FDC-42A3-9474-1A3956D46DE8}") = "final", "final", "{6293D02C-08E0-4E08-AA16-791CF47DCF3D}"
EndProject
Project("{9A19103F-16F7-4668-BE54-9A1E7A4F7556}") = "FinalProject", "final\FinalProject\FinalProject.csproj", "{5F36DB81-69C0-469A-B4CA-AE5CC37474C7}"
EndProject
Project("{9A19103F-16F7-4668-BE54-9A1E7A4F7556}") = "Foundation1", "final\Foundation1\Foundation1.csproj", "{61B4841D-291B-424B-90AB-A87D32D7DAF9}"
EndProject
Project("{9A19103F-16F7-4668-BE54-9A1E7A4F7556}") = "Foundation2", "final\Foundation2\Foundation2.csproj", "{D5560833-9331-4CEF-8C46-2E5B84DBF05A}"
EndProject
Project("{9A19103F-16F7-4668-BE54-9A1E7A4F7556}") = "Foundation3", "final\Foundation3\Foundation3.csproj", "{9EFA19B4-37FD-4703-8A4D-A90AD6C3D698}"
EndProject
Project("{9A19103F-16F7-4668-BE54-9A1E7A4F7556}") = "Foundation4", "final\Foundation4\Foundation4.csproj", "{4E454F27-92A7-433C-A623-15729C3369EB}"
EndProject
Project("{2150E333-8FDC-42A3-9474-1A3956D46DE8}") = "prepare", "prepare", "{6C5744F9-453C-4585-A430-BFE2F91B8CAE}"
EndProject
Project("{9A19103F-16F7-4668-BE54-9A1E7A4F7556}") = "Learning02", "prepare\Learning02\Learning02.csproj", "{D4747A87-7706-4174-BFE5-C41415993689}"
EndProject
Project("{9A19103F-16F7-4668-BE54-9A1E7A4F7556}") = "Learning03", "prepare\Learning03\Learning03.csproj", "{7E234F8D-6B4C-45CF-94D9-00614814EB7F}"
EndProject
Project("{9A19103F-16F7-4668-BE54-9A1E7A4F7556}") = "Learning04", "prepare\Learning04\Learning04.csproj", "{B718E888-25EA-473E-988D-B853F7DD5C87}"
EndProject
Project("{9A19103F-16F7-4668-BE54-9A1E7A4F7556}") = "Learning05", "prepare\Learning05\Learning05.csproj", "{B5F894C3-9319-4A27-A784-6E5FFBE4ADDA}"
EndProject
Project("{2150E333-8FDC-42A3-9474-1A3956D46DE8}") = "prove", "prove", "{6FE5601E-A721-41A3-BC20-5B4953314E47}"
EndProject
Project("{9A19103F-16F7-4668-BE54-9A1E7A4F7556}") = "Develop02", "prove\Develop02\Develop02.csproj", "{9D842A44-803C-4780-B4B2-7A83113CFC2D}"
EndProject
Project("{9A19103F-16F7-4668-BE54-9A1E7A4F7556}") = "Develop03", "prove\Develop03\Develop03.csproj", "{E1FC45CC-9A46-49B4-98A0-80D1F929283B}"
EndProject
Project("{9A19103F-16F7-4668-BE54-9A1E7A4F7556}") = "Develop04", "prove\Develop04\Develop04.csproj", "{42A1A804-12FD-42C5-B9AB-FFAE7C97DD29}"
EndProject
Project("{9A19103F-16F7-4668-BE54-9A1E7A4F7556}") = "Develop05", "prove\Develop05\Develop05.csproj", "{63DF1779-89A5-4DB6-893A-84F1DBA0AAA9}"
EndProject
Project("{2150E333-8FDC-42A3-9474-1A3956D46DE8}") = "sandbox", "sandbox", "{ECEE8306-3DD9-4B8D-8762-FE04DB54C7D9}"
EndProject
Project("{9A19103F-16F7-4668-BE54-9A1E7A4F7556}") = "Sandbox", "sandbox\Sandbox\Sandbox.csproj", "{3D80F510-D98F-4C4B-A9F5-4923E837660F}"
EndProject
Global
	GlobalSection(SolutionConfigurationPlatforms) = preSolution
		Debug|Any CPU = Debug|Any CPU
		Release|Any CPU = Release|Any CPU
	EndGlobalSection
	GlobalSection(ProjectConfigurationPlatforms) = postSolution
		{A311F891-FB3A-49D1-B41F-5ECB4F18DE59}.Debug|Any CPU.ActiveCfg = Debug|Any CPU
		{A311F891-FB3A-49D1-B41F-5ECB4F18DE59}.Debug|Any CPU.Build.0 = Debug|Any CPU
		{A311F891-FB3A-49D1-B41F-5ECB4F18DE59}.Release|Any CPU.ActiveCfg = Release|Any CPU
		{A311F891-FB3A-49D1-B41F-5ECB4F18DE59}.Release|Any CPU.Build.0 = Release|Any CPU
		{835A80A8-04B3-4AA1-AFA1-D790C715F0DA}.Debug|Any CPU.ActiveCfg = Debug|Any CPU
		{835A80A8-04B3-4AA1-AFA1-D790C715F0DA}.Debug|Any CPU.Build.0 = Debug|Any CPU
		{835A80A8-04B3-4AA1-AFA1-D790C715F0DA}.Release|Any CPU.ActiveCfg = Release|Any CPU
		{835A80A8-04B3-4AA1-AFA1-D790C715F0DA}.Release|Any CPU.Build.0 = Release|Any CPU
		{55E18BCD-AECA-4450-97E7-3BE6E3D39DCF}.Debug|Any CPU.ActiveCfg = Debug|Any CPU
		{55E18BCD-AECA-4450-97E7-3BE6E3D39DCF}.Debug|Any CPU.Build.0 = Debug|Any CPU
		{55E18BCD-AECA-4450-97E7-3BE6E3D39DCF}.Release|Any CPU.ActiveCfg = Release|Any CPU
		{55E18BCD-AECA-4450-97E7-3BE6E3D39DCF}.Release|Any CPU.Build.0 = Release|Any CPU
		{AF656740-A2BC-4B8A-8192-7DF0383455E9}.Debug|Any CPU.ActiveCfg = Debug|Any CPU
		{AF656740-A2BC-4B8A-8192-7DF0383455E9}.Debug|Any CPU.Build.0 = Debug|Any CPU
		{AF656740-A2BC-4B8A-8192-7DF0383455E9}.Release|Any CPU.ActiveCfg = Release|Any CPU
		{AF656740-A2BC-4B8A-8192-7DF0383455E9}.Release|Any CPU.Build.0 = Release|Any CPU
		{ECAD420C-9722-465B-92C1-02FF41732674}.Debug|Any CPU.ActiveCfg = Debug|Any CPU
		{ECAD420C-9722-465B-92C1-02FF41732674}.Debug|Any CPU.Build.0 = Debug|Any CPU
		{ECAD420C-9722-465B-92C1-02FF41732674}.Release|Any CPU.ActiveCfg = Release|Any CPU
		{ECAD420C-9722-465B-92C1-02FF41732674}.Release|Any CPU.Build.0 = Release|Any CPU
		{5F36DB81-69C0-469A-B4CA-AE5CC37474C7}.Debug|Any CPU.ActiveCfg = Debug|Any CPU
		{5F36DB81-69C0-469A-B4CA-AE5CC37474C7}.Debug|Any CPU.Build.0 = Debug|Any CPU
		{5F36DB81-69C0-469A-B4CA-AE5CC37474C7}.Release|Any CPU.ActiveCfg = Release|Any CPU
		{5F36DB81-69C0-469A-B4CA-AE5CC37474C7}.Release|Any CPU.Build.0 = Release|Any CPU
		{61B4841D-291B-424B-90AB-A87D32D7DAF9}.Debug|Any CPU.ActiveCfg = Debug|Any CPU
		{61B4841D-291B-424B-90AB-A87D32D7DAF9}.Debug|Any CPU.Build.0 = Debug|Any CPU
		{61B4841D-291B-424B-90AB-A87D32D7DAF9}.Release|Any CPU.ActiveCfg = Release|Any CPU
		{61B4841D-291B-424B-90AB-A87D32D7DAF9}.Release|Any CPU.Build.0 = Release|Any CPU
		{D5560833-9331-4CEF-8C46-2E5B84DBF05A}.Debug|Any CPU.ActiveCfg = Debug|Any CPU
		{D5560833-9331-4CEF-8C46-2E5B84DBF05A}.Debug|Any CPU.Build.0 = Debug|Any CPU
		{D5560833-9331-4CEF-8C46-2E5B84DBF05A}.Release|Any CPU.ActiveCfg = Release|Any CPU
		{D5560833-9331-4CEF-8C46-2E5B84DBF05A}.Release|Any CPU.Build.0 = Release|Any CPU
		{9EFA19B4-37FD-4703-8A4D-A90AD6C3D698}.Debug|Any CPU.ActiveCfg = Debug|Any CPU
		{9EFA19B4-37FD-4703-8A4D-A90AD6C3D698}.Debug|Any CPU.Build.0 = Debug|Any CPU
		{9EFA19B4-37FD-4703-8A4D-A90AD6C3D698}.Release|Any CPU.ActiveCfg = Release|Any CPU
		{9EFA19B4-37FD-4703-8A4D-A90AD6C3D698}.Release|Any CPU.Build.0 = Release|Any CPU
		{4E454F27-92A7-433C-A623-15729C3369EB}.Debug|Any CPU.ActiveCfg = Debug|Any CPU
		{4E454F27-92A7-433C-A623-15729C3369EB}.Debug|Any CPU.Build.0 = Debug|Any CPU
		{4E454F27-92A7-433C-A623-15729C3369EB}.Release|Any CPU.ActiveCfg = Release|Any CPU
		{4E454F27-92A7-433C-A623-15729C3369EB}.Release|Any CPU.Build.0 = Release|Any CPU
		{D4747A87-7706-4174-BFE5-C41415993689}.Debug|Any CPU.ActiveCfg = Debug|Any CPU
		{D4747A87-7706-4174-BFE5-C41415993689}.Debug|Any CPU.Build.0 = Debug|Any CPU
		{D4747A87-7706-4174-BFE5-C41415993689}.Release|Any CPU.ActiveCfg = Release|Any CPU
		{D4747A87-7706-4174-BFE5-C41415993689}.Release|Any CPU.Build.0 = Release|Any CPU
		{7E234F8D-6B4C-45CF-94D9-00614814EB7F}.Debug|Any CPU.ActiveCfg = Debug|Any CPU
		{7E234F8D-6B4C-45CF-94D9-00614814EB7F}.Debug|Any CPU.Build.0 = Debug|Any CPU
		{7E234F8D-6B4C-45CF-94D9-00614814EB7F}.Release|Any CPU.ActiveCfg = Release|Any CPU
		{7E234F8D-6B4C-45CF-94D9-00614814EB7F}.Release|Any CPU.Build.0 = Release|Any CPU
		{B718E888-25EA-473E-988D-B853F7DD5C87}.Debug|Any CPU.ActiveCfg = Debug|Any CPU
		{B718E888-25EA-473E-988D-B853F7DD5C87}.Debug|Any CPU.Build.0 = Debug|Any CPU
		{B718E888-25EA-473E-988D-B853F7DD5C87}.Release|Any CPU.ActiveCfg = Release|Any CPU
		{B718E888-25EA-473E-988D-B853F7DD5C87}.Release|Any CPU.Build.0 = Release|Any CPU
		{B5F894C3-9319-4A27-A784-6E5FFBE4ADDA}.Debug|Any CPU.ActiveCfg = Debug|Any CPU
		{B5F894C3-9319-4A27-A784-6E5FFBE4ADDA}.Debug|Any CPU.Build.0 = Debug|Any CPU
		{B5F894C3-9319-4A27-A784-6E5FFBE4ADDA}.Release|Any CPU.ActiveCfg = Release|Any CPU
		{B5F894C3-9319-4A27-A784-6E5FFBE4ADDA}.Release|Any CPU.Build.0 = Release|Any CPU
		{9D842A44-803C-4780-B4B2-7A83113CFC2D}.Debug|Any CPU.ActiveCfg = Debug|Any CPU
		{9D842A44-803C-4780-B4B2-7A83113CFC2D}.Debug|Any CPU.Build.0 = Debug|Any CPU
		{9D842A44-803C-4780-B4B2-7A83113CFC2D}.Release|Any CPU.ActiveCfg = Release|Any CPU
		{9D842A44-803C-4780-B4B2-7A83113CFC2D}.Release|Any CPU.Build.0 = Release|Any CPU
		{E1FC45CC-9A46-49B4-98A0-80D1F929283B}.Debug|Any CPU.ActiveCfg = Debug|Any CPU
		{E1FC45CC-9A46-49B4-98A0-80D1F929283B}.Debug|Any CPU.Build.0 = Debug|Any CPU
		{E1FC45CC-9A46-49B4-98A0-80D1F929283B}.Release|Any CPU.ActiveCfg = Release|Any CPU
		{E1FC45CC-9A46-49B4-98A0-80D1F929283B}.Release|Any CPU.Build.0 = Release|Any CPU
		{42A1A804-12FD-42C5-B9AB-FFAE7C97DD29}.Debug|Any CPU.ActiveCfg = Debug|Any CPU
		{42A1A804-12FD-42C5-B9AB-FFAE7C97DD29}.Debug|Any CPU.Build.0 = Debug|Any CPU
		{42A1A804-12FD-42C5-B9AB-FFAE7C97DD29}.Release|Any CPU.ActiveCfg = Release|Any CPU
		{42A1A804-12FD-42C5-B9AB-FFAE7C97DD29}.Release|Any CPU.Build.0 = Release|Any CPU
		{63DF1779-89A5-4DB6-893A-84F1DBA0AAA9}.Debug|Any CPU.ActiveCfg = Debug|Any CPU
		{63DF1779-89A5-4DB6-893A-84F1DBA0AAA9}.Debug|Any CPU.Build.0 = Debug|Any CPU
		{63DF1779-89A5-4DB6-893A-84F1DBA0AAA9}.Release|Any CPU.ActiveCfg = Release|Any CPU
		{63DF1779-89A5-4DB6-893A-84F1DBA0AAA9}.Release|Any CPU.Build.0 = Release|Any CPU
		{3D80F510-D98F-4C4B-A9F5-4923E837660F}.Debug|Any CPU.ActiveCfg = Debug|Any CPU
		{3D80F510-D98F-4C4B-A9F5-4923E837660F}.Debug|Any CPU.Build.0 = Debug|Any CPU
		{3D80F510-D98F-4C4B-A9F5-4923E837660F}.Release|Any CPU.ActiveCfg = Release|Any CPU
		{3D80F510-D98F-4C4B-A9F5-4923E837660F}.Release|Any CPU.Build.0 = Release|Any CPU
	EndGlobalSection
	GlobalSection(SolutionProperties) = preSolution
		HideSolutionNode = FALSE
	EndGlobalSection
	GlobalSection(NestedProjects) = preSolution
		{A311F891-FB3A-49D1-B41F-5ECB4F18DE59} = {C4C2F112-76A0-40AF-9568-006017E49FCE}
		{835A80A8-04B3-4AA1-AFA1-D790C715F0DA} = {C4C2F112-76A0-40AF-9568-006017E49FCE}
		{55E18BCD-AECA-4450-97E7-3BE6E3D39DCF} = {C4C2F112-76A0-40AF-9568-006017E49FCE}
		{AF656740-A2BC-4B8A-8192-7DF0383455E9} = {C4C2F112-76A0-40AF-9568-006017E49FCE}
		{ECAD420C-9722-465B-92C1-02FF41732674} = {C4C2F112-76A0-40AF-9568-006017E49FCE}
		{5F36DB81-69C0-469A-B4CA-AE5CC37474C7} = {6293D02C-08E0-4E08-AA16-791CF47DCF3D}
		{61B4841D-291B-424B-90AB-A87D32D7DAF9} = {6293D02C-08E0-4E08-AA16-791CF47DCF3D}
		{D5560833-9331-4CEF-8C46-2E5B84DBF05A} = {6293D02C-08E0-4E08-AA16-791CF47DCF3D}
		{9EFA19B4-37FD-4703-8A4D-A90AD6C3D698} = {6293D02C-08E0-4E08-AA16-791CF47DCF3D}
		{4E454F27-92A7-433C-A623-15729C3369EB} = {6293D02C-08E0-4E08-AA16-791CF47DCF3D}
		{D4747A87-7706-4174-BFE5-C41415993689} = {6C5744F9-453C-4585-A430-BFE2F91B8CAE}
		{7E234F8D-6B4C-45CF-94D9-00614814EB7F} = {6C5744F9-453C-4585-A430-BFE2F91B8CAE}
		{B718E888-25EA-473E-988D-B853F7DD5C87} = {6C5744F9-453C-4585-A430-BFE2F91B8CAE}
		{B5F894C3-9319-4A27-A784-6E5FFBE4ADDA} = {6C5744F9-453C-4585-A430-BFE2F91B8CAE}
		{9D842A44-803C-4780-B4B2-7A83113CFC2D} = {6FE5601E-A721-41A3-BC20-5B4953314E47}
		{E1FC45CC-9A46-49B4-98A0-80D1F929283B} = {6FE5601E-A721-41A3-BC20-5B4953314E47}
		{42A1A804-12FD-42C5-B9AB-FFAE7C97DD29} = {6FE5601E-A721-41A3-BC20-5B4953314E47}
		{63DF1779-89A5-4DB6-893A-84F1DBA0AAA9} = {6FE5601E-A721-41A3-BC20-5B4953314E47}
		{3D80F510-D98F-4C4B-A9F5-4923E837660F} = {ECEE8306-3DD9-4B8D-8762-FE04DB54C7D9}
	EndGlobalSection
	GlobalSection(ExtensibilityGlobals) = postSolution
		SolutionGuid = {B3C3AF52-B486-47DA-AD17-90DD602D250A}
	EndGlobalSection
EndGlobal
